
Microsoft Visual Studio Solution File, Format Version 12.00
# Visual Studio 15
VisualStudioVersion = 15.0.27004.2006
MinimumVisualStudioVersion = 10.0.40219.1
Project("{8BC9CEB8-8B4A-11D0-8D11-00A0C91BC942}") = "그리디", "그리디\그리디.vcxproj", "{4ECF466A-848E-43DD-8707-20558BBC7711}"
EndProject
Global
	GlobalSection(SolutionConfigurationPlatforms) = preSolution
		Debug|x64 = Debug|x64
		Debug|x86 = Debug|x86
		Release|x64 = Release|x64
		Release|x86 = Release|x86
	EndGlobalSection
	GlobalSection(ProjectConfigurationPlatforms) = postSolution
		{4ECF466A-848E-43DD-8707-20558BBC7711}.Debug|x64.ActiveCfg = Debug|x64
		{4ECF466A-848E-43DD-8707-20558BBC7711}.Debug|x64.Build.0 = Debug|x64
		{4ECF466A-848E-43DD-8707-20558BBC7711}.Debug|x86.ActiveCfg = Debug|Win32
		{4ECF466A-848E-43DD-8707-20558BBC7711}.Debug|x86.Build.0 = Debug|Win32
		{4ECF466A-848E-43DD-8707-20558BBC7711}.Release|x64.ActiveCfg = Release|x64
		{4ECF466A-848E-43DD-8707-20558BBC7711}.Release|x64.Build.0 = Release|x64
		{4ECF466A-848E-43DD-8707-20558BBC7711}.Release|x86.ActiveCfg = Release|Win32
		{4ECF466A-848E-43DD-8707-20558BBC7711}.Release|x86.Build.0 = Release|Win32
	EndGlobalSection
	GlobalSection(SolutionProperties) = preSolution
		HideSolutionNode = FALSE
	EndGlobalSection
	GlobalSection(ExtensibilityGlobals) = postSolution
		SolutionGuid = {465AA729-DA0F-41B5-AA71-649DB55CCF27}
	EndGlobalSection
EndGlobal
