
Microsoft Visual Studio Solution File, Format Version 12.00
# Visual Studio 15
VisualStudioVersion = 15.0.27004.2006
MinimumVisualStudioVersion = 10.0.40219.1
Project("{8BC9CEB8-8B4A-11D0-8D11-00A0C91BC942}") = "D3", "D3\D3.vcxproj", "{D77CC07F-F87C-4E50-B733-7BB57F27BEC6}"
EndProject
Global
	GlobalSection(SolutionConfigurationPlatforms) = preSolution
		Debug|x64 = Debug|x64
		Debug|x86 = Debug|x86
		Release|x64 = Release|x64
		Release|x86 = Release|x86
	EndGlobalSection
	GlobalSection(ProjectConfigurationPlatforms) = postSolution
		{D77CC07F-F87C-4E50-B733-7BB57F27BEC6}.Debug|x64.ActiveCfg = Debug|x64
		{D77CC07F-F87C-4E50-B733-7BB57F27BEC6}.Debug|x64.Build.0 = Debug|x64
		{D77CC07F-F87C-4E50-B733-7BB57F27BEC6}.Debug|x86.ActiveCfg = Debug|Win32
		{D77CC07F-F87C-4E50-B733-7BB57F27BEC6}.Debug|x86.Build.0 = Debug|Win32
		{D77CC07F-F87C-4E50-B733-7BB57F27BEC6}.Release|x64.ActiveCfg = Release|x64
		{D77CC07F-F87C-4E50-B733-7BB57F27BEC6}.Release|x64.Build.0 = Release|x64
		{D77CC07F-F87C-4E50-B733-7BB57F27BEC6}.Release|x86.ActiveCfg = Release|Win32
		{D77CC07F-F87C-4E50-B733-7BB57F27BEC6}.Release|x86.Build.0 = Release|Win32
	EndGlobalSection
	GlobalSection(SolutionProperties) = preSolution
		HideSolutionNode = FALSE
	EndGlobalSection
	GlobalSection(ExtensibilityGlobals) = postSolution
		SolutionGuid = {05CAEAF0-18CC-49E4-92AD-44346ABD81AA}
	EndGlobalSection
EndGlobal
