
Microsoft Visual Studio Solution File, Format Version 12.00
# Visual Studio 15
VisualStudioVersion = 15.0.27004.2006
MinimumVisualStudioVersion = 10.0.40219.1
Project("{8BC9CEB8-8B4A-11D0-8D11-00A0C91BC942}") = "B형", "B형\B형.vcxproj", "{C2362811-590D-49D5-8DFB-D6F76DEFED39}"
EndProject
Global
	GlobalSection(SolutionConfigurationPlatforms) = preSolution
		Debug|x64 = Debug|x64
		Debug|x86 = Debug|x86
		Release|x64 = Release|x64
		Release|x86 = Release|x86
	EndGlobalSection
	GlobalSection(ProjectConfigurationPlatforms) = postSolution
		{C2362811-590D-49D5-8DFB-D6F76DEFED39}.Debug|x64.ActiveCfg = Debug|x64
		{C2362811-590D-49D5-8DFB-D6F76DEFED39}.Debug|x64.Build.0 = Debug|x64
		{C2362811-590D-49D5-8DFB-D6F76DEFED39}.Debug|x86.ActiveCfg = Debug|Win32
		{C2362811-590D-49D5-8DFB-D6F76DEFED39}.Debug|x86.Build.0 = Debug|Win32
		{C2362811-590D-49D5-8DFB-D6F76DEFED39}.Release|x64.ActiveCfg = Release|x64
		{C2362811-590D-49D5-8DFB-D6F76DEFED39}.Release|x64.Build.0 = Release|x64
		{C2362811-590D-49D5-8DFB-D6F76DEFED39}.Release|x86.ActiveCfg = Release|Win32
		{C2362811-590D-49D5-8DFB-D6F76DEFED39}.Release|x86.Build.0 = Release|Win32
	EndGlobalSection
	GlobalSection(SolutionProperties) = preSolution
		HideSolutionNode = FALSE
	EndGlobalSection
	GlobalSection(ExtensibilityGlobals) = postSolution
		SolutionGuid = {2CC6E92A-217C-49FF-B5FF-4FCA7A5A2F9C}
	EndGlobalSection
EndGlobal
