<?xml version="1.0" encoding="utf-8"?>
<Project ToolsVersion="4.0" xmlns="http://schemas.microsoft.com/developer/msbuild/2003">
  <ItemGroup>
    <Filter Include="소스 파일">
      <UniqueIdentifier>{4FC737F1-C7A5-4376-A066-2A32D752A2FF}</UniqueIdentifier>
      <Extensions>cpp;c;cc;cxx;def;odl;idl;hpj;bat;asm;asmx</Extensions>
    </Filter>
    <Filter Include="헤더 파일">
      <UniqueIdentifier>{93995380-89BD-4b04-88EB-625FBE52EBFB}</UniqueIdentifier>
      <Extensions>h;hh;hpp;hxx;hm;inl;inc;ipp;xsd</Extensions>
    </Filter>
    <Filter Include="리소스 파일">
      <UniqueIdentifier>{67DA6AB6-F800-4c08-8B7A-83BB121AAD01}</UniqueIdentifier>
      <Extensions>rc;ico;cur;bmp;dlg;rc2;rct;bin;rgs;gif;jpg;jpeg;jpe;resx;tiff;tif;png;wav;mfcribbon-ms</Extensions>
    </Filter>
  </ItemGroup>
  <ItemGroup>
    <ClCompile Include="SCPC 회문인 수의 합.cpp">
      <Filter>소스 파일</Filter>
    </ClCompile>
    <ClCompile Include="SCPC 버스 타기.cpp">
      <Filter>소스 파일</Filter>
    </ClCompile>
    <ClCompile Include="SCPC 버스 타기2.cpp">
      <Filter>소스 파일</Filter>
    </ClCompile>
    <ClCompile Include="SCPC Hanoi.cpp">
      <Filter>소스 파일</Filter>
    </ClCompile>
    <ClCompile Include="소스.cpp">
      <Filter>소스 파일</Filter>
    </ClCompile>
    <ClCompile Include="SCPC Divisor.cpp">
      <Filter>소스 파일</Filter>
    </ClCompile>
    <ClCompile Include="SCPC 자석.cpp">
      <Filter>소스 파일</Filter>
    </ClCompile>
    <ClCompile Include="SCPC 중심.cpp">
      <Filter>소스 파일</Filter>
    </ClCompile>
    <ClCompile Include="SCPC Quick Sort.cpp">
      <Filter>소스 파일</Filter>
    </ClCompile>
    <ClCompile Include="SCPC 바이토닉 경로.cpp">
      <Filter>소스 파일</Filter>
    </ClCompile>
    <ClCompile Include="소스1.cpp">
      <Filter>소스 파일</Filter>
    </ClCompile>
    <ClCompile Include="SCPC 지진.cpp">
      <Filter>소스 파일</Filter>
    </ClCompile>
    <ClCompile Include="소스2.cpp">
      <Filter>소스 파일</Filter>
    </ClCompile>
    <ClCompile Include="경희대 B번.cpp">
      <Filter>소스 파일</Filter>
    </ClCompile>
    <ClCompile Include="경희대 C번.cpp">
      <Filter>소스 파일</Filter>
    </ClCompile>
    <ClCompile Include="B 인형들.cpp">
      <Filter>소스 파일</Filter>
    </ClCompile>
    <ClCompile Include="A 상금헌터.cpp">
      <Filter>소스 파일</Filter>
    </ClCompile>
    <ClCompile Include="D 부스터.cpp">
      <Filter>소스 파일</Filter>
    </ClCompile>
    <ClCompile Include="몬스터A.cpp">
      <Filter>소스 파일</Filter>
    </ClCompile>
    <ClCompile Include="몬스터C.cpp">
      <Filter>소스 파일</Filter>
    </ClCompile>
    <ClCompile Include="윈터A.cpp">
      <Filter>소스 파일</Filter>
    </ClCompile>
    <ClCompile Include="윈터B.cpp">
      <Filter>소스 파일</Filter>
    </ClCompile>
    <ClCompile Include="윈터C.cpp">
      <Filter>소스 파일</Filter>
    </ClCompile>
    <ClCompile Include="다트게임.cpp">
      <Filter>소스 파일</Filter>
    </ClCompile>
    <ClCompile Include="SDS 우주전쟁.cpp">
      <Filter>소스 파일</Filter>
    </ClCompile>
    <ClCompile Include="SDS 대탈주.cpp">
      <Filter>소스 파일</Filter>
    </ClCompile>
    <ClCompile Include="SDS 카드단어.cpp">
      <Filter>소스 파일</Filter>
    </ClCompile>
    <ClCompile Include="SDS 배달아르바이트.cpp">
      <Filter>소스 파일</Filter>
    </ClCompile>
    <ClCompile Include="소스3.cpp">
      <Filter>소스 파일</Filter>
    </ClCompile>
  </ItemGroup>
  <ItemGroup>
    <Text Include="input.txt">
      <Filter>리소스 파일</Filter>
    </Text>
  </ItemGroup>
</Project>