
Microsoft Visual Studio Solution File, Format Version 12.00
# Visual Studio 15
VisualStudioVersion = 15.0.27004.2006
MinimumVisualStudioVersion = 10.0.40219.1
Project("{8BC9CEB8-8B4A-11D0-8D11-00A0C91BC942}") = "분할정복", "분할정복\분할정복.vcxproj", "{A0DEB086-60FE-4C56-82BF-A5127CA21136}"
EndProject
Global
	GlobalSection(SolutionConfigurationPlatforms) = preSolution
		Debug|x64 = Debug|x64
		Debug|x86 = Debug|x86
		Release|x64 = Release|x64
		Release|x86 = Release|x86
	EndGlobalSection
	GlobalSection(ProjectConfigurationPlatforms) = postSolution
		{A0DEB086-60FE-4C56-82BF-A5127CA21136}.Debug|x64.ActiveCfg = Debug|x64
		{A0DEB086-60FE-4C56-82BF-A5127CA21136}.Debug|x64.Build.0 = Debug|x64
		{A0DEB086-60FE-4C56-82BF-A5127CA21136}.Debug|x86.ActiveCfg = Debug|Win32
		{A0DEB086-60FE-4C56-82BF-A5127CA21136}.Debug|x86.Build.0 = Debug|Win32
		{A0DEB086-60FE-4C56-82BF-A5127CA21136}.Release|x64.ActiveCfg = Release|x64
		{A0DEB086-60FE-4C56-82BF-A5127CA21136}.Release|x64.Build.0 = Release|x64
		{A0DEB086-60FE-4C56-82BF-A5127CA21136}.Release|x86.ActiveCfg = Release|Win32
		{A0DEB086-60FE-4C56-82BF-A5127CA21136}.Release|x86.Build.0 = Release|Win32
	EndGlobalSection
	GlobalSection(SolutionProperties) = preSolution
		HideSolutionNode = FALSE
	EndGlobalSection
	GlobalSection(ExtensibilityGlobals) = postSolution
		SolutionGuid = {C1B3F822-4D28-43EB-80B5-2E800884C709}
	EndGlobalSection
EndGlobal
