<?xml version="1.0" encoding="utf-8"?>
<Project ToolsVersion="4.0" xmlns="http://schemas.microsoft.com/developer/msbuild/2003">
  <ItemGroup>
    <Filter Include="소스 파일">
      <UniqueIdentifier>{4FC737F1-C7A5-4376-A066-2A32D752A2FF}</UniqueIdentifier>
      <Extensions>cpp;c;cc;cxx;def;odl;idl;hpj;bat;asm;asmx</Extensions>
    </Filter>
    <Filter Include="헤더 파일">
      <UniqueIdentifier>{93995380-89BD-4b04-88EB-625FBE52EBFB}</UniqueIdentifier>
      <Extensions>h;hh;hpp;hxx;hm;inl;inc;xsd</Extensions>
    </Filter>
    <Filter Include="리소스 파일">
      <UniqueIdentifier>{67DA6AB6-F800-4c08-8B7A-83BB121AAD01}</UniqueIdentifier>
      <Extensions>rc;ico;cur;bmp;dlg;rc2;rct;bin;rgs;gif;jpg;jpeg;jpe;resx;tiff;tif;png;wav;mfcribbon-ms</Extensions>
    </Filter>
  </ItemGroup>
  <ItemGroup>
    <ClCompile Include="1231 중위순회.cpp">
      <Filter>소스 파일</Filter>
    </ClCompile>
    <ClCompile Include="1233 사칙연산 유효성 검사.cpp">
      <Filter>소스 파일</Filter>
    </ClCompile>
    <ClCompile Include="1232 사칙연산.cpp">
      <Filter>소스 파일</Filter>
    </ClCompile>
    <ClCompile Include="1232 사칙연산2.cpp">
      <Filter>소스 파일</Filter>
    </ClCompile>
    <ClCompile Include="1767 프로세서 연결하기.cpp">
      <Filter>소스 파일</Filter>
    </ClCompile>
    <ClCompile Include="1767 프로세서 연결하기2.cpp">
      <Filter>소스 파일</Filter>
    </ClCompile>
    <ClCompile Include="1767 프로세서 연결하기3.cpp">
      <Filter>소스 파일</Filter>
    </ClCompile>
    <ClCompile Include="1767 프로세서 연결하기4.cpp">
      <Filter>소스 파일</Filter>
    </ClCompile>
    <ClCompile Include="1210 Ladder1.cpp">
      <Filter>소스 파일</Filter>
    </ClCompile>
    <ClCompile Include="1218 괄호 짝짓기.cpp">
      <Filter>소스 파일</Filter>
    </ClCompile>
    <ClCompile Include="1219 길찾기.cpp">
      <Filter>소스 파일</Filter>
    </ClCompile>
    <ClCompile Include="1226 미로1.cpp">
      <Filter>소스 파일</Filter>
    </ClCompile>
    <ClCompile Include="1238 Contact.cpp">
      <Filter>소스 파일</Filter>
    </ClCompile>
    <ClCompile Include="1249 보급로.cpp">
      <Filter>소스 파일</Filter>
    </ClCompile>
    <ClCompile Include="1249 보급로2.cpp">
      <Filter>소스 파일</Filter>
    </ClCompile>
    <ClCompile Include="1251 하나로.cpp">
      <Filter>소스 파일</Filter>
    </ClCompile>
    <ClCompile Include="1251 하나로2.cpp">
      <Filter>소스 파일</Filter>
    </ClCompile>
    <ClCompile Include="1258 행렬찾기.cpp">
      <Filter>소스 파일</Filter>
    </ClCompile>
    <ClCompile Include="1486 장훈이의 높은 선반.cpp">
      <Filter>소스 파일</Filter>
    </ClCompile>
    <ClCompile Include="1803 Shortest Path Faster.cpp">
      <Filter>소스 파일</Filter>
    </ClCompile>
    <ClCompile Include="1803 Shortest Path Faster2.cpp">
      <Filter>소스 파일</Filter>
    </ClCompile>
    <ClCompile Include="1861 정사각형 방.cpp">
      <Filter>소스 파일</Filter>
    </ClCompile>
    <ClCompile Include="1861 정사각형 방2.cpp">
      <Filter>소스 파일</Filter>
    </ClCompile>
    <ClCompile Include="비트마스크 조합.cpp">
      <Filter>소스 파일</Filter>
    </ClCompile>
    <ClCompile Include="1808 지희의 고장난 계산기.cpp">
      <Filter>소스 파일</Filter>
    </ClCompile>
    <ClCompile Include="1808 지희의 고장난 계산기2.cpp">
      <Filter>소스 파일</Filter>
    </ClCompile>
    <ClCompile Include="1824 혁진이의 프로그램 검증.cpp">
      <Filter>소스 파일</Filter>
    </ClCompile>
    <ClCompile Include="1865 동철이의 일 분배.cpp">
      <Filter>소스 파일</Filter>
    </ClCompile>
    <ClCompile Include="1865 동철이의 일 분배2.cpp">
      <Filter>소스 파일</Filter>
    </ClCompile>
    <ClCompile Include="1865 동철이의 일 분배3.cpp">
      <Filter>소스 파일</Filter>
    </ClCompile>
    <ClCompile Include="1868 파핑파핑 지뢰찾기.cpp">
      <Filter>소스 파일</Filter>
    </ClCompile>
  </ItemGroup>
  <ItemGroup>
    <Text Include="input.txt">
      <Filter>리소스 파일</Filter>
    </Text>
  </ItemGroup>
</Project>